
Microsoft Visual Studio Solution File, Format Version 12.00
# Visual Studio 15
VisualStudioVersion = 15.0.28307.645
MinimumVisualStudioVersion = 10.0.40219.1
Project("{8BC9CEB8-8B4A-11D0-8D11-00A0C91BC942}") = "JBEngine", "JBEngine\JBEngine.vcxproj", "{D093FB58-AD2B-4B48-BC42-88665E3F19D6}"
EndProject
Global
	GlobalSection(SolutionConfigurationPlatforms) = preSolution
		Debug|x64 = Debug|x64
		Debug|x86 = Debug|x86
		Release|x64 = Release|x64
		Release|x86 = Release|x86
	EndGlobalSection
	GlobalSection(ProjectConfigurationPlatforms) = postSolution
		{D093FB58-AD2B-4B48-BC42-88665E3F19D6}.Debug|x64.ActiveCfg = Debug|x64
		{D093FB58-AD2B-4B48-BC42-88665E3F19D6}.Debug|x64.Build.0 = Debug|x64
		{D093FB58-AD2B-4B48-BC42-88665E3F19D6}.Debug|x86.ActiveCfg = Debug|Win32
		{D093FB58-AD2B-4B48-BC42-88665E3F19D6}.Debug|x86.Build.0 = Debug|Win32
		{D093FB58-AD2B-4B48-BC42-88665E3F19D6}.Release|x64.ActiveCfg = Release|x64
		{D093FB58-AD2B-4B48-BC42-88665E3F19D6}.Release|x64.Build.0 = Release|x64
		{D093FB58-AD2B-4B48-BC42-88665E3F19D6}.Release|x86.ActiveCfg = Release|Win32
		{D093FB58-AD2B-4B48-BC42-88665E3F19D6}.Release|x86.Build.0 = Release|Win32
	EndGlobalSection
	GlobalSection(SolutionProperties) = preSolution
		HideSolutionNode = FALSE
	EndGlobalSection
	GlobalSection(ExtensibilityGlobals) = postSolution
		SolutionGuid = {48C542EC-FDC5-4E57-B317-5170BBC0BF26}
	EndGlobalSection
EndGlobal
